
Microsoft Visual Studio Solution File, Format Version 12.00
# Visual Studio Version 16
VisualStudioVersion = 16.0.31005.135
MinimumVisualStudioVersion = 10.0.40219.1
Project("{FAE04EC0-301F-11D3-BF4B-00C04F79EFBC}") = "Movie ticketing", "Movie ticketing\Movie ticketing.csproj", "{22130B46-C77C-454C-86DD-40D561CA0E94}"
EndProject
Project("{FAE04EC0-301F-11D3-BF4B-00C04F79EFBC}") = "Model", "Model\Model.csproj", "{6681B6B8-B2EF-4567-B0FD-56CC3E76667B}"
EndProject
Project("{FAE04EC0-301F-11D3-BF4B-00C04F79EFBC}") = "DAL", "DAL\DAL.csproj", "{0A020645-ED1E-4D66-8068-4097384BE1BB}"
EndProject
Project("{FAE04EC0-301F-11D3-BF4B-00C04F79EFBC}") = "BLL", "BLL\BLL.csproj", "{0EC13F38-A0E7-49D5-9429-A1100C9A89B4}"
EndProject
Project("{FAE04EC0-301F-11D3-BF4B-00C04F79EFBC}") = "Tool", "Tool\Tool.csproj", "{B61BA8BD-C8DB-4EE7-A706-BA38F8A5A4AD}"
EndProject
Global
	GlobalSection(SolutionConfigurationPlatforms) = preSolution
		Debug|Any CPU = Debug|Any CPU
		Release|Any CPU = Release|Any CPU
	EndGlobalSection
	GlobalSection(ProjectConfigurationPlatforms) = postSolution
		{22130B46-C77C-454C-86DD-40D561CA0E94}.Debug|Any CPU.ActiveCfg = Debug|Any CPU
		{22130B46-C77C-454C-86DD-40D561CA0E94}.Debug|Any CPU.Build.0 = Debug|Any CPU
		{22130B46-C77C-454C-86DD-40D561CA0E94}.Release|Any CPU.ActiveCfg = Release|Any CPU
		{22130B46-C77C-454C-86DD-40D561CA0E94}.Release|Any CPU.Build.0 = Release|Any CPU
		{6681B6B8-B2EF-4567-B0FD-56CC3E76667B}.Debug|Any CPU.ActiveCfg = Debug|Any CPU
		{6681B6B8-B2EF-4567-B0FD-56CC3E76667B}.Debug|Any CPU.Build.0 = Debug|Any CPU
		{6681B6B8-B2EF-4567-B0FD-56CC3E76667B}.Release|Any CPU.ActiveCfg = Release|Any CPU
		{6681B6B8-B2EF-4567-B0FD-56CC3E76667B}.Release|Any CPU.Build.0 = Release|Any CPU
		{0A020645-ED1E-4D66-8068-4097384BE1BB}.Debug|Any CPU.ActiveCfg = Debug|Any CPU
		{0A020645-ED1E-4D66-8068-4097384BE1BB}.Debug|Any CPU.Build.0 = Debug|Any CPU
		{0A020645-ED1E-4D66-8068-4097384BE1BB}.Release|Any CPU.ActiveCfg = Release|Any CPU
		{0A020645-ED1E-4D66-8068-4097384BE1BB}.Release|Any CPU.Build.0 = Release|Any CPU
		{0EC13F38-A0E7-49D5-9429-A1100C9A89B4}.Debug|Any CPU.ActiveCfg = Debug|Any CPU
		{0EC13F38-A0E7-49D5-9429-A1100C9A89B4}.Debug|Any CPU.Build.0 = Debug|Any CPU
		{0EC13F38-A0E7-49D5-9429-A1100C9A89B4}.Release|Any CPU.ActiveCfg = Release|Any CPU
		{0EC13F38-A0E7-49D5-9429-A1100C9A89B4}.Release|Any CPU.Build.0 = Release|Any CPU
		{B61BA8BD-C8DB-4EE7-A706-BA38F8A5A4AD}.Debug|Any CPU.ActiveCfg = Debug|Any CPU
		{B61BA8BD-C8DB-4EE7-A706-BA38F8A5A4AD}.Debug|Any CPU.Build.0 = Debug|Any CPU
		{B61BA8BD-C8DB-4EE7-A706-BA38F8A5A4AD}.Release|Any CPU.ActiveCfg = Release|Any CPU
		{B61BA8BD-C8DB-4EE7-A706-BA38F8A5A4AD}.Release|Any CPU.Build.0 = Release|Any CPU
	EndGlobalSection
	GlobalSection(SolutionProperties) = preSolution
		HideSolutionNode = FALSE
	EndGlobalSection
	GlobalSection(ExtensibilityGlobals) = postSolution
		SolutionGuid = {DE9AE514-A287-4EDB-B96A-C0C96397997F}
	EndGlobalSection
EndGlobal
